github.com/mattn/go-sqlite3 v1.14.22 h1:2gZY6PC6kBnID23Tichd1K+Z0oS6nE/XwU+Vz/5o4kU=
github.com/mattn/go-sqlite3 v1.14.22/go.mod h1:Uh1q+B4BYcTPb+yiD3kU8Ct7aC0hY9fxUwlHK0RXw+Y=
github.com/nikolainp/TLogViewer v0.0.0-20251020184555-bdd7c1f2def6 h1:3gxpTLC/YPYMa3L2cuc5CSoKjRA1+2eK9YEA3kQ8QtM=
github.com/nikolainp/TLogViewer v0.0.0-20251020184555-bdd7c1f2def6/go.mod h1:zRoWk1u8gepkuj+bpEkh1KwrrFkDm5tsU8XgGLc/sF4=
